
Microsoft Visual Studio Solution File, Format Version 12.00
Project("{FAE04EC0-301F-11D3-BF4B-00C04F79EFBC}") = "Lib.API", "Lib.API\Lib.API.csproj", "{BDCA04BD-D033-4681-82C5-4673F514BDE8}"
EndProject
Global
	GlobalSection(SolutionConfigurationPlatforms) = preSolution
		Debug|Any CPU = Debug|Any CPU
		Release|Any CPU = Release|Any CPU
	EndGlobalSection
	GlobalSection(ProjectConfigurationPlatforms) = postSolution
		{BDCA04BD-D033-4681-82C5-4673F514BDE8}.Debug|Any CPU.ActiveCfg = Debug|Any CPU
		{BDCA04BD-D033-4681-82C5-4673F514BDE8}.Debug|Any CPU.Build.0 = Debug|Any CPU
		{BDCA04BD-D033-4681-82C5-4673F514BDE8}.Release|Any CPU.ActiveCfg = Release|Any CPU
		{BDCA04BD-D033-4681-82C5-4673F514BDE8}.Release|Any CPU.Build.0 = Release|Any CPU
	EndGlobalSection
EndGlobal
